
Microsoft Visual Studio Solution File, Format Version 12.00
# Visual Studio Version 16
VisualStudioVersion = 16.0.32929.386
MinimumVisualStudioVersion = 10.0.40219.1
Project("{8BC9CEB8-8B4A-11D0-8D11-00A0C91BC942}") = "Sxe Bypass Injector", "Sxe Bypass Injector\Sxe Bypass Injector.vcxproj", "{033D5184-3109-4C0A-B725-97F89F7D7347}"
EndProject
Global
	GlobalSection(SolutionConfigurationPlatforms) = preSolution
		Debug|x86 = Debug|x86
		Release|x86 = Release|x86
	EndGlobalSection
	GlobalSection(ProjectConfigurationPlatforms) = postSolution
		{033D5184-3109-4C0A-B725-97F89F7D7347}.Debug|x86.ActiveCfg = Debug|Win32
		{033D5184-3109-4C0A-B725-97F89F7D7347}.Debug|x86.Build.0 = Debug|Win32
		{033D5184-3109-4C0A-B725-97F89F7D7347}.Release|x86.ActiveCfg = Release|Win32
		{033D5184-3109-4C0A-B725-97F89F7D7347}.Release|x86.Build.0 = Release|Win32
	EndGlobalSection
	GlobalSection(SolutionProperties) = preSolution
		HideSolutionNode = FALSE
	EndGlobalSection
	GlobalSection(ExtensibilityGlobals) = postSolution
		SolutionGuid = {369223D4-7937-4D32-8D60-AE778CEFC46D}
	EndGlobalSection
EndGlobal
